
Microsoft Visual Studio Solution File, Format Version 12.00
# Visual Studio Version 17
VisualStudioVersion = 17.5.33530.505
MinimumVisualStudioVersion = 10.0.40219.1
Project("{9A19103F-16F7-4668-BE54-9A1E7A4F7556}") = "TemporalDemo.Workflow", "TemporalDemo.Workflow\TemporalDemo.Workflow.csproj", "{26E90271-2118-48DE-80A4-763BE7631F27}"
EndProject
Project("{9A19103F-16F7-4668-BE54-9A1E7A4F7556}") = "TemporalDemo.Web", "TemporalDemo.Web\TemporalDemo.Web.csproj", "{CEF213F2-34F1-4C25-AA47-953A5020E6F9}"
EndProject
Global
	GlobalSection(SolutionConfigurationPlatforms) = preSolution
		Debug|Any CPU = Debug|Any CPU
		Release|Any CPU = Release|Any CPU
	EndGlobalSection
	GlobalSection(ProjectConfigurationPlatforms) = postSolution
		{26E90271-2118-48DE-80A4-763BE7631F27}.Debug|Any CPU.ActiveCfg = Debug|Any CPU
		{26E90271-2118-48DE-80A4-763BE7631F27}.Debug|Any CPU.Build.0 = Debug|Any CPU
		{26E90271-2118-48DE-80A4-763BE7631F27}.Release|Any CPU.ActiveCfg = Release|Any CPU
		{26E90271-2118-48DE-80A4-763BE7631F27}.Release|Any CPU.Build.0 = Release|Any CPU
		{CEF213F2-34F1-4C25-AA47-953A5020E6F9}.Debug|Any CPU.ActiveCfg = Debug|Any CPU
		{CEF213F2-34F1-4C25-AA47-953A5020E6F9}.Debug|Any CPU.Build.0 = Debug|Any CPU
		{CEF213F2-34F1-4C25-AA47-953A5020E6F9}.Release|Any CPU.ActiveCfg = Release|Any CPU
		{CEF213F2-34F1-4C25-AA47-953A5020E6F9}.Release|Any CPU.Build.0 = Release|Any CPU
	EndGlobalSection
	GlobalSection(SolutionProperties) = preSolution
		HideSolutionNode = FALSE
	EndGlobalSection
	GlobalSection(ExtensibilityGlobals) = postSolution
		SolutionGuid = {D8369F41-C09D-4EA5-AC5F-054F6284FE2C}
	EndGlobalSection
EndGlobal
